
Microsoft Visual Studio Solution File, Format Version 12.00
# Visual Studio 14
VisualStudioVersion = 14.0.24720.0
MinimumVisualStudioVersion = 10.0.40219.1
Project("{2150E333-8FDC-42A3-9474-1A3956D46DE8}") = ".paket", ".paket", "{23DCA95C-CDCE-4529-948E-7D59D6110A8B}"
	ProjectSection(SolutionItems) = preProject
		paket.dependencies = paket.dependencies
	EndProjectSection
EndProject
Project("{FAE04EC0-301F-11D3-BF4B-00C04F79EFBC}") = "QuickFont.Desktop", "QuickFont.Desktop\QuickFont.Desktop.csproj", "{BBECE6FC-EF63-40F8-A734-A500D1DFC1AF}"
EndProject
Project("{FAE04EC0-301F-11D3-BF4B-00C04F79EFBC}") = "Example", "Example\Example.csproj", "{84E44D1B-460F-46AF-A0AA-31735088DE3F}"
EndProject
Project("{D954291E-2A0B-460D-934E-DC6B0785DB48}") = "QuickFont.Shared", "QuickFont.Shared\QuickFont.Shared.shproj", "{ADF0DFB4-FBBD-4336-BB19-62E5A904C38D}"
EndProject
Project("{FAE04EC0-301F-11D3-BF4B-00C04F79EFBC}") = "QuickFont.ES20", "QuickFont.ES20\QuickFont.ES20.csproj", "{F182325F-D682-4639-A19F-AE047DA80518}"
EndProject
Global
	GlobalSection(SharedMSBuildProjectFiles) = preSolution
		QuickFont.Shared\QuickFont.Shared.projitems*{f182325f-d682-4639-a19f-ae047da80518}*SharedItemsImports = 4
		QuickFont.Shared\QuickFont.Shared.projitems*{bbece6fc-ef63-40f8-a734-a500d1dfc1af}*SharedItemsImports = 4
		QuickFont.Shared\QuickFont.Shared.projitems*{adf0dfb4-fbbd-4336-bb19-62e5a904c38d}*SharedItemsImports = 13
	EndGlobalSection
	GlobalSection(SolutionConfigurationPlatforms) = preSolution
		Debug|Any CPU = Debug|Any CPU
		Release|Any CPU = Release|Any CPU
	EndGlobalSection
	GlobalSection(ProjectConfigurationPlatforms) = postSolution
		{BBECE6FC-EF63-40F8-A734-A500D1DFC1AF}.Debug|Any CPU.ActiveCfg = Debug|Any CPU
		{BBECE6FC-EF63-40F8-A734-A500D1DFC1AF}.Debug|Any CPU.Build.0 = Debug|Any CPU
		{BBECE6FC-EF63-40F8-A734-A500D1DFC1AF}.Release|Any CPU.ActiveCfg = Release|Any CPU
		{BBECE6FC-EF63-40F8-A734-A500D1DFC1AF}.Release|Any CPU.Build.0 = Release|Any CPU
		{84E44D1B-460F-46AF-A0AA-31735088DE3F}.Debug|Any CPU.ActiveCfg = Debug|Any CPU
		{84E44D1B-460F-46AF-A0AA-31735088DE3F}.Debug|Any CPU.Build.0 = Debug|Any CPU
		{84E44D1B-460F-46AF-A0AA-31735088DE3F}.Release|Any CPU.ActiveCfg = Release|Any CPU
		{84E44D1B-460F-46AF-A0AA-31735088DE3F}.Release|Any CPU.Build.0 = Release|Any CPU
		{F182325F-D682-4639-A19F-AE047DA80518}.Debug|Any CPU.ActiveCfg = Debug|Any CPU
		{F182325F-D682-4639-A19F-AE047DA80518}.Debug|Any CPU.Build.0 = Debug|Any CPU
		{F182325F-D682-4639-A19F-AE047DA80518}.Release|Any CPU.ActiveCfg = Release|Any CPU
		{F182325F-D682-4639-A19F-AE047DA80518}.Release|Any CPU.Build.0 = Release|Any CPU
	EndGlobalSection
	GlobalSection(SolutionProperties) = preSolution
		HideSolutionNode = FALSE
	EndGlobalSection
	GlobalSection(MonoDevelopProperties) = preSolution
		StartupItem = Example\Example.csproj
	EndGlobalSection
EndGlobal
